
Microsoft Visual Studio Solution File, Format Version 12.00
# Visual Studio Version 17
VisualStudioVersion = 17.0.31903.59
MinimumVisualStudioVersion = 10.0.40219.1
Project("{FAE04EC0-301F-11D3-BF4B-00C04F79EFBC}") = "dwatch.checker", "dwatch.checker\dwatch.checker.csproj", "{0071DA53-9DD8-4856-A863-E4E58F353C36}"
EndProject
Global
	GlobalSection(SolutionConfigurationPlatforms) = preSolution
		Debug|Any CPU = Debug|Any CPU
		Release|Any CPU = Release|Any CPU
	EndGlobalSection
	GlobalSection(ProjectConfigurationPlatforms) = postSolution
		{0071DA53-9DD8-4856-A863-E4E58F353C36}.Debug|Any CPU.ActiveCfg = Debug|Any CPU
		{0071DA53-9DD8-4856-A863-E4E58F353C36}.Debug|Any CPU.Build.0 = Debug|Any CPU
		{0071DA53-9DD8-4856-A863-E4E58F353C36}.Release|Any CPU.ActiveCfg = Release|Any CPU
		{0071DA53-9DD8-4856-A863-E4E58F353C36}.Release|Any CPU.Build.0 = Release|Any CPU
	EndGlobalSection
	GlobalSection(SolutionProperties) = preSolution
		HideSolutionNode = FALSE
	EndGlobalSection
	GlobalSection(ExtensibilityGlobals) = postSolution
		SolutionGuid = {6253B867-8002-4A66-9C94-8EEF8F2F9BFC}
	EndGlobalSection
EndGlobal
